
Microsoft Visual Studio Solution File, Format Version 12.00
# Visual Studio Version 17
VisualStudioVersion = 17.11.35312.102
MinimumVisualStudioVersion = 10.0.40219.1
Project("{FAE04EC0-301F-11D3-BF4B-00C04F79EFBC}") = "JohnBoltsLevelWarehouse", "LevelEditor\JohnBoltsLevelWarehouse.csproj", "{83E144DD-BBBF-42DD-AAB0-8AFC8DBAABCA}"
EndProject
Global
	GlobalSection(SolutionConfigurationPlatforms) = preSolution
		Debug|Any CPU = Debug|Any CPU
		Release|Any CPU = Release|Any CPU
	EndGlobalSection
	GlobalSection(ProjectConfigurationPlatforms) = postSolution
		{83E144DD-BBBF-42DD-AAB0-8AFC8DBAABCA}.Debug|Any CPU.ActiveCfg = Debug|Any CPU
		{83E144DD-BBBF-42DD-AAB0-8AFC8DBAABCA}.Debug|Any CPU.Build.0 = Debug|Any CPU
		{83E144DD-BBBF-42DD-AAB0-8AFC8DBAABCA}.Release|Any CPU.ActiveCfg = Release|Any CPU
		{83E144DD-BBBF-42DD-AAB0-8AFC8DBAABCA}.Release|Any CPU.Build.0 = Release|Any CPU
	EndGlobalSection
	GlobalSection(SolutionProperties) = preSolution
		HideSolutionNode = FALSE
	EndGlobalSection
	GlobalSection(ExtensibilityGlobals) = postSolution
		SolutionGuid = {C263099B-B377-48E1-8CD3-C4DD3E05CC57}
	EndGlobalSection
EndGlobal
